<?xml version="1.0" encoding="UTF-8"?>
<!DOCTYPE plist PUBLIC "-//Apple//DTD PLIST 1.0//EN" "http://www.apple.com/DTDs/PropertyList-1.0.dtd">
<plist version="1.0">
<dict>
	<key>archiveVersion</key>
	<string>1</string>
	<key>classes</key>
	<dict/>
	<key>objectVersion</key>
	<string>46</string>
	<key>objects</key>
	<dict>
		<key>0A08E4E3A7F24072B9A0970E</key>
		<dict>
			<key>includeInIndex</key>
			<string>1</string>
			<key>isa</key>
			<string>PBXFileReference</string>
			<key>lastKnownFileType</key>
			<string>text.xcconfig</string>
			<key>name</key>
			<string>Pods.xcconfig</string>
			<key>path</key>
			<string>Pods/Pods.xcconfig</string>
			<key>sourceTree</key>
			<string>&lt;group&gt;</string>
		</dict>
		<key>2B2701AC82F8413087B6560F</key>
		<dict>
			<key>buildActionMask</key>
			<string>2147483647</string>
			<key>files</key>
			<array/>
			<key>inputPaths</key>
			<array/>
			<key>isa</key>
			<string>PBXShellScriptBuildPhase</string>
			<key>name</key>
			<string>Copy Pods Resources</string>
			<key>outputPaths</key>
			<array/>
			<key>runOnlyForDeploymentPostprocessing</key>
			<string>0</string>
			<key>shellPath</key>
			<string>/bin/sh</string>
			<key>shellScript</key>
			<string>"${SRCROOT}/Pods/Pods-resources.sh"
</string>
			<key>showEnvVarsInLog</key>
			<string>0</string>
		</dict>
		<key>7A373B6BD4A74077B3CA1F6E</key>
		<dict>
			<key>explicitFileType</key>
			<string>archive.ar</string>
			<key>includeInIndex</key>
			<string>0</string>
			<key>isa</key>
			<string>PBXFileReference</string>
			<key>path</key>
			<string>libPods.a</string>
			<key>sourceTree</key>
			<string>BUILT_PRODUCTS_DIR</string>
		</dict>
		<key>A0A345D4F571489A948655C0</key>
		<dict>
			<key>fileRef</key>
			<string>7A373B6BD4A74077B3CA1F6E</string>
			<key>isa</key>
			<string>PBXBuildFile</string>
		</dict>
		<key>CA01F01F0B35CEB23D246E8C</key>
		<dict>
			<key>buildActionMask</key>
			<string>2147483647</string>
			<key>files</key>
			<array>
				<string>CA01F31ED734CCDAEC691507</string>
				<string>CA01F71B40EDF0AAFA6C33DB</string>
				<string>CA01FAC6905C2289CF709685</string>
			</array>
			<key>isa</key>
			<string>PBXFrameworksBuildPhase</string>
			<key>runOnlyForDeploymentPostprocessing</key>
			<string>0</string>
		</dict>
		<key>CA01F024BC00B414F0944E60</key>
		<dict>
			<key>buildSettings</key>
			<dict>
				<key>ALWAYS_SEARCH_USER_PATHS</key>
				<string>NO</string>
				<key>ARCHS</key>
				<string>$(ARCHS_STANDARD_INCLUDING_64_BIT)</string>
				<key>CLANG_CXX_LANGUAGE_STANDARD</key>
				<string>gnu++0x</string>
				<key>CLANG_CXX_LIBRARY</key>
				<string>libc++</string>
				<key>CLANG_ENABLE_MODULES</key>
				<string>YES</string>
				<key>CLANG_ENABLE_OBJC_ARC</key>
				<string>YES</string>
				<key>CLANG_WARN_BOOL_CONVERSION</key>
				<string>YES</string>
				<key>CLANG_WARN_CONSTANT_CONVERSION</key>
				<string>YES</string>
				<key>CLANG_WARN_DIRECT_OBJC_ISA_USAGE</key>
				<string>YES_ERROR</string>
				<key>CLANG_WARN_EMPTY_BODY</key>
				<string>YES</string>
				<key>CLANG_WARN_ENUM_CONVERSION</key>
				<string>YES</string>
				<key>CLANG_WARN_INT_CONVERSION</key>
				<string>YES</string>
				<key>CLANG_WARN_OBJC_ROOT_CLASS</key>
				<string>YES_ERROR</string>
				<key>CLANG_WARN__DUPLICATE_METHOD_MATCH</key>
				<string>YES</string>
				<key>CODE_SIGN_IDENTITY[sdk=iphoneos*]</key>
				<string>iPhone Developer</string>
				<key>COPY_PHASE_STRIP</key>
				<string>NO</string>
				<key>GCC_C_LANGUAGE_STANDARD</key>
				<string>gnu99</string>
				<key>GCC_DYNAMIC_NO_PIC</key>
				<string>NO</string>
				<key>GCC_OPTIMIZATION_LEVEL</key>
				<string>0</string>
				<key>GCC_PREPROCESSOR_DEFINITIONS</key>
				<array>
					<string>DEBUG=1</string>
					<string>$(inherited)</string>
				</array>
				<key>GCC_SYMBOLS_PRIVATE_EXTERN</key>
				<string>NO</string>
				<key>GCC_WARN_64_TO_32_BIT_CONVERSION</key>
				<string>YES</string>
				<key>GCC_WARN_ABOUT_RETURN_TYPE</key>
				<string>YES_ERROR</string>
				<key>GCC_WARN_UNDECLARED_SELECTOR</key>
				<string>YES</string>
				<key>GCC_WARN_UNINITIALIZED_AUTOS</key>
				<string>YES</string>
				<key>GCC_WARN_UNUSED_FUNCTION</key>
				<string>YES</string>
				<key>GCC_WARN_UNUSED_VARIABLE</key>
				<string>YES</string>
				<key>IPHONEOS_DEPLOYMENT_TARGET</key>
				<string>7.0</string>
				<key>ONLY_ACTIVE_ARCH</key>
				<string>YES</string>
				<key>SDKROOT</key>
				<string>iphoneos</string>
				<key>TARGETED_DEVICE_FAMILY</key>
				<string>2</string>
			</dict>
			<key>isa</key>
			<string>XCBuildConfiguration</string>
			<key>name</key>
			<string>Debug</string>
		</dict>
		<key>CA01F0D17F79C927825A2215</key>
		<dict>
			<key>buildActionMask</key>
			<string>2147483647</string>
			<key>files</key>
			<array>
				<string>CA01F9DE1D3BB2800195791F</string>
				<string>CA01F87776278A1AE2A8AE52</string>
			</array>
			<key>isa</key>
			<string>PBXResourcesBuildPhase</string>
			<key>runOnlyForDeploymentPostprocessing</key>
			<string>0</string>
		</dict>
		<key>CA01F0EF582EDAC668DD6AA9</key>
		<dict>
			<key>buildSettings</key>
			<dict>
				<key>FRAMEWORK_SEARCH_PATHS</key>
				<array>
					<string>$(SDKROOT)/Developer/Library/Frameworks</string>
					<string>$(inherited)</string>
				</array>
				<key>GCC_PRECOMPILE_PREFIX_HEADER</key>
				<string>YES</string>
				<key>GCC_PREFIX_HEADER</key>
				<string>ModernGates/ModernGates-Prefix.pch</string>
				<key>INFOPLIST_FILE</key>
				<string>ModernGatesTests/ModernGatesTests-Info.plist</string>
				<key>PRODUCT_NAME</key>
				<string>$(TARGET_NAME)</string>
				<key>WRAPPER_EXTENSION</key>
				<string>xctest</string>
			</dict>
			<key>isa</key>
			<string>XCBuildConfiguration</string>
			<key>name</key>
			<string>Release</string>
		</dict>
		<key>CA01F0F9B770E8177A50E840</key>
		<dict>
			<key>fileRef</key>
			<string>CA01F50C7D7A7C821C133E04</string>
			<key>isa</key>
			<string>PBXBuildFile</string>
		</dict>
		<key>CA01F177D9E02DB55FBCF3D2</key>
		<dict>
			<key>children</key>
			<array>
				<string>CA01FB7EF0A3EDAF7728CEEE</string>
				<string>CA01F50C7D7A7C821C133E04</string>
			</array>
			<key>isa</key>
			<string>PBXGroup</string>
			<key>name</key>
			<string>Supporting Files</string>
			<key>sourceTree</key>
			<string>&lt;group&gt;</string>
		</dict>
		<key>CA01F259722B7DDAA34A9A64</key>
		<dict>
			<key>children</key>
			<array>
				<string>CA01F9BCE7C1AC0734ECAF29</string>
			</array>
			<key>isa</key>
			<string>PBXVariantGroup</string>
			<key>name</key>
			<string>InfoPlist.strings</string>
			<key>sourceTree</key>
			<string>&lt;group&gt;</string>
		</dict>
		<key>CA01F26012A2B3B0A3BE0875</key>
		<dict>
			<key>buildConfigurations</key>
			<array>
				<string>CA01F0EF582EDAC668DD6AA9</string>
				<string>CA01F40328CE36FAE1952333</string>
			</array>
			<key>defaultConfigurationIsVisible</key>
			<string>0</string>
			<key>isa</key>
			<string>XCConfigurationList</string>
		</dict>
		<key>CA01F2621C864BB074773B40</key>
		<dict>
			<key>buildConfigurationList</key>
			<string>CA01F26012A2B3B0A3BE0875</string>
			<key>buildPhases</key>
			<array>
				<string>CA01F4A2EA257445D62B0EBC</string>
				<string>CA01F01F0B35CEB23D246E8C</string>
				<string>CA01F6E1C68E24B7D16B88D8</string>
			</array>
			<key>buildRules</key>
			<array/>
			<key>dependencies</key>
			<array>
				<string>CA01FE9FA7514465D8D43C02</string>
			</array>
			<key>isa</key>
			<string>PBXNativeTarget</string>
			<key>name</key>
			<string>ModernGatesTests</string>
			<key>productName</key>
			<string>ModernGatesTests</string>
			<key>productReference</key>
			<string>CA01F5B3495D08723A35C9B8</string>
			<key>productType</key>
			<string>com.apple.product-type.bundle.unit-test</string>
		</dict>
		<key>CA01F269746BDD7DAD3781A5</key>
		<dict>
			<key>buildConfigurations</key>
			<array>
				<string>CA01FB2ADDDA9886DFB73482</string>
				<string>CA01F5168824346652FB36AB</string>
			</array>
			<key>defaultConfigurationIsVisible</key>
			<string>0</string>
			<key>isa</key>
			<string>XCConfigurationList</string>
		</dict>
		<key>CA01F31ED734CCDAEC691507</key>
		<dict>
			<key>fileRef</key>
			<string>CA01F722AECC9284648CCB02</string>
			<key>isa</key>
			<string>PBXBuildFile</string>
		</dict>
		<key>CA01F330BBAA286805C9F89A</key>
		<dict>
			<key>fileRef</key>
			<string>CA01FDEAEFE5395F75CF8CB3</string>
			<key>isa</key>
			<string>PBXBuildFile</string>
		</dict>
		<key>CA01F40328CE36FAE1952333</key>
		<dict>
			<key>buildSettings</key>
			<dict>
				<key>FRAMEWORK_SEARCH_PATHS</key>
				<array>
					<string>$(SDKROOT)/Developer/Library/Frameworks</string>
					<string>$(inherited)</string>
				</array>
				<key>GCC_PRECOMPILE_PREFIX_HEADER</key>
				<string>YES</string>
				<key>GCC_PREFIX_HEADER</key>
				<string>ModernGates/ModernGates-Prefix.pch</string>
				<key>INFOPLIST_FILE</key>
				<string>ModernGatesTests/ModernGatesTests-Info.plist</string>
				<key>PRODUCT_NAME</key>
				<string>$(TARGET_NAME)</string>
				<key>WRAPPER_EXTENSION</key>
				<string>xctest</string>
			</dict>
			<key>isa</key>
			<string>XCBuildConfiguration</string>
			<key>name</key>
			<string>Debug</string>
		</dict>
		<key>CA01F491D74FB1E8602E3735</key>
		<dict>
			<key>children</key>
			<array>
				<string>CA01FF80E1B03EA7E4F258C7</string>
				<string>CA01FA34C1BEDA24BDE17A19</string>
				<string>CA01FF6A70C120CCCFD857C0</string>
				<string>CA01F73BD155CF06EBE187F4</string>
			</array>
			<key>isa</key>
			<string>PBXGroup</string>
			<key>path</key>
			<string>ModernGates</string>
			<key>sourceTree</key>
			<string>&lt;group&gt;</string>
		</dict>
		<key>CA01F4A2EA257445D62B0EBC</key>
		<dict>
			<key>buildActionMask</key>
			<string>2147483647</string>
			<key>files</key>
			<array>
				<string>CA01F76F32A480FED6371F74</string>
			</array>
			<key>isa</key>
			<string>PBXSourcesBuildPhase</string>
			<key>runOnlyForDeploymentPostprocessing</key>
			<string>0</string>
		</dict>
		<key>CA01F4AA38E07E5F1230D46C</key>
		<dict>
			<key>fileRef</key>
			<string>CA01F6FAB06C46EB0D732524</string>
			<key>isa</key>
			<string>PBXBuildFile</string>
		</dict>
		<key>CA01F50C7D7A7C821C133E04</key>
		<dict>
			<key>children</key>
			<array>
				<string>CA01FF4E2C58F26B433D6EEE</string>
			</array>
			<key>isa</key>
			<string>PBXVariantGroup</string>
			<key>name</key>
			<string>InfoPlist.strings</string>
			<key>sourceTree</key>
			<string>&lt;group&gt;</string>
		</dict>
		<key>CA01F5168824346652FB36AB</key>
		<dict>
			<key>baseConfigurationReference</key>
			<string>0A08E4E3A7F24072B9A0970E</string>
			<key>buildSettings</key>
			<dict>
				<key>ASSETCATALOG_COMPILER_APPICON_NAME</key>
				<string>AppIcon</string>
				<key>ASSETCATALOG_COMPILER_LAUNCHIMAGE_NAME</key>
				<string>LaunchImage</string>
				<key>GCC_PRECOMPILE_PREFIX_HEADER</key>
				<string>YES</string>
				<key>GCC_PREFIX_HEADER</key>
				<string>ModernGates/ModernGates-Prefix.pch</string>
				<key>INFOPLIST_FILE</key>
				<string>ModernGates/ModernGates-Info.plist</string>
				<key>PRODUCT_NAME</key>
				<string>$(TARGET_NAME)</string>
				<key>WRAPPER_EXTENSION</key>
				<string>app</string>
			</dict>
			<key>isa</key>
			<string>XCBuildConfiguration</string>
			<key>name</key>
			<string>Debug</string>
		</dict>
		<key>CA01F597D01B9AFA95B50C18</key>
		<dict>
			<key>children</key>
			<array>
				<string>CA01FF4A03CD8227E3BA266C</string>
				<string>CA01F5B3495D08723A35C9B8</string>
			</array>
			<key>isa</key>
			<string>PBXGroup</string>
			<key>name</key>
			<string>Products</string>
			<key>sourceTree</key>
			<string>&lt;group&gt;</string>
		</dict>
		<key>CA01F5B3495D08723A35C9B8</key>
		<dict>
			<key>explicitFileType</key>
			<string>wrapper.cfbundle</string>
			<key>includeInIndex</key>
			<string>0</string>
			<key>isa</key>
			<string>PBXFileReference</string>
			<key>path</key>
			<string>ModernGatesTests.xctest</string>
			<key>sourceTree</key>
			<string>BUILT_PRODUCTS_DIR</string>
		</dict>
		<key>CA01F5BC4D73D85910727574</key>
		<dict>
			<key>isa</key>
			<string>PBXFileReference</string>
			<key>lastKnownFileType</key>
			<string>sourcecode.c.h</string>
			<key>path</key>
			<string>ModernGates-Prefix.pch</string>
			<key>sourceTree</key>
			<string>&lt;group&gt;</string>
		</dict>
		<key>CA01F6E1C68E24B7D16B88D8</key>
		<dict>
			<key>buildActionMask</key>
			<string>2147483647</string>
			<key>files</key>
			<array>
				<string>CA01F0F9B770E8177A50E840</string>
			</array>
			<key>isa</key>
			<string>PBXResourcesBuildPhase</string>
			<key>runOnlyForDeploymentPostprocessing</key>
			<string>0</string>
		</dict>
		<key>CA01F6FAB06C46EB0D732524</key>
		<dict>
			<key>isa</key>
			<string>PBXFileReference</string>
			<key>lastKnownFileType</key>
			<string>wrapper.framework</string>
			<key>name</key>
			<string>CoreGraphics.framework</string>
			<key>path</key>
			<string>System/Library/Frameworks/CoreGraphics.framework</string>
			<key>sourceTree</key>
			<string>SDKROOT</string>
		</dict>
		<key>CA01F71B40EDF0AAFA6C33DB</key>
		<dict>
			<key>fileRef</key>
			<string>CA01FDEAEFE5395F75CF8CB3</string>
			<key>isa</key>
			<string>PBXBuildFile</string>
		</dict>
		<key>CA01F722AECC9284648CCB02</key>
		<dict>
			<key>isa</key>
			<string>PBXFileReference</string>
			<key>lastKnownFileType</key>
			<string>wrapper.framework</string>
			<key>name</key>
			<string>XCTest.framework</string>
			<key>path</key>
			<string>Library/Frameworks/XCTest.framework</string>
			<key>sourceTree</key>
			<string>DEVELOPER_DIR</string>
		</dict>
		<key>CA01F73BD155CF06EBE187F4</key>
		<dict>
			<key>isa</key>
			<string>PBXFileReference</string>
			<key>lastKnownFileType</key>
			<string>folder.assetcatalog</string>
			<key>path</key>
			<string>Images.xcassets</string>
			<key>sourceTree</key>
			<string>&lt;group&gt;</string>
		</dict>
		<key>CA01F76F32A480FED6371F74</key>
		<dict>
			<key>fileRef</key>
			<string>CA01FC895D02BD3DAA5FF9F6</string>
			<key>isa</key>
			<string>PBXBuildFile</string>
		</dict>
		<key>CA01F81DB8777BA29968E675</key>
		<dict>
			<key>buildConfigurations</key>
			<array>
				<string>CA01FFFA2F38EAEE7AAE71BA</string>
				<string>CA01F024BC00B414F0944E60</string>
			</array>
			<key>defaultConfigurationIsVisible</key>
			<string>0</string>
			<key>defaultConfigurationName</key>
			<string>Release</string>
			<key>isa</key>
			<string>XCConfigurationList</string>
		</dict>
		<key>CA01F87776278A1AE2A8AE52</key>
		<dict>
			<key>fileRef</key>
			<string>CA01F73BD155CF06EBE187F4</string>
			<key>isa</key>
			<string>PBXBuildFile</string>
		</dict>
		<key>CA01F9BCE7C1AC0734ECAF29</key>
		<dict>
			<key>isa</key>
			<string>PBXFileReference</string>
			<key>lastKnownFileType</key>
			<string>text.plist.strings</string>
			<key>name</key>
			<string>en</string>
			<key>path</key>
			<string>en.lproj/InfoPlist.strings</string>
			<key>sourceTree</key>
			<string>&lt;group&gt;</string>
		</dict>
		<key>CA01F9DE1D3BB2800195791F</key>
		<dict>
			<key>fileRef</key>
			<string>CA01F259722B7DDAA34A9A64</string>
			<key>isa</key>
			<string>PBXBuildFile</string>
		</dict>
		<key>CA01F9FA3482B67C94DD8D01</key>
		<dict>
			<key>containerPortal</key>
			<string>CA01FDE8AFD8BE32B17AAD6E</string>
			<key>isa</key>
			<string>PBXContainerItemProxy</string>
			<key>proxyType</key>
			<string>1</string>
			<key>remoteGlobalIDString</key>
			<string>CA01FFC3968DC9D9B6505B38</string>
			<key>remoteInfo</key>
			<string>ModernGates</string>
		</dict>
		<key>CA01FA34C1BEDA24BDE17A19</key>
		<dict>
			<key>isa</key>
			<string>PBXFileReference</string>
			<key>lastKnownFileType</key>
			<string>sourcecode.c.h</string>
			<key>path</key>
			<string>MRAppDelegate.h</string>
			<key>sourceTree</key>
			<string>&lt;group&gt;</string>
		</dict>
		<key>CA01FA7F49238D931431ACD3</key>
		<dict>
			<key>children</key>
			<array>
				<string>CA01F177D9E02DB55FBCF3D2</string>
				<string>CA01FC895D02BD3DAA5FF9F6</string>
			</array>
			<key>isa</key>
			<string>PBXGroup</string>
			<key>path</key>
			<string>ModernGatesTests</string>
			<key>sourceTree</key>
			<string>&lt;group&gt;</string>
		</dict>
		<key>CA01FA96914EBEB78424E6F7</key>
		<dict>
			<key>children</key>
			<array>
				<string>CA01FDEAEFE5395F75CF8CB3</string>
				<string>CA01F6FAB06C46EB0D732524</string>
				<string>CA01FAA9392D9D98EAE03E43</string>
				<string>CA01F722AECC9284648CCB02</string>
				<string>7A373B6BD4A74077B3CA1F6E</string>
			</array>
			<key>isa</key>
			<string>PBXGroup</string>
			<key>name</key>
			<string>Frameworks</string>
			<key>sourceTree</key>
			<string>&lt;group&gt;</string>
		</dict>
		<key>CA01FAA9392D9D98EAE03E43</key>
		<dict>
			<key>isa</key>
			<string>PBXFileReference</string>
			<key>lastKnownFileType</key>
			<string>wrapper.framework</string>
			<key>name</key>
			<string>UIKit.framework</string>
			<key>path</key>
			<string>System/Library/Frameworks/UIKit.framework</string>
			<key>sourceTree</key>
			<string>SDKROOT</string>
		</dict>
		<key>CA01FAC6905C2289CF709685</key>
		<dict>
			<key>fileRef</key>
			<string>CA01FAA9392D9D98EAE03E43</string>
			<key>isa</key>
			<string>PBXBuildFile</string>
		</dict>
		<key>CA01FB187EAEF40194C4B7A4</key>
		<dict>
			<key>fileRef</key>
			<string>CA01FF6A70C120CCCFD857C0</string>
			<key>isa</key>
			<string>PBXBuildFile</string>
		</dict>
		<key>CA01FB2ADDDA9886DFB73482</key>
		<dict>
			<key>baseConfigurationReference</key>
			<string>0A08E4E3A7F24072B9A0970E</string>
			<key>buildSettings</key>
			<dict>
				<key>ASSETCATALOG_COMPILER_APPICON_NAME</key>
				<string>AppIcon</string>
				<key>ASSETCATALOG_COMPILER_LAUNCHIMAGE_NAME</key>
				<string>LaunchImage</string>
				<key>GCC_PRECOMPILE_PREFIX_HEADER</key>
				<string>YES</string>
				<key>GCC_PREFIX_HEADER</key>
				<string>ModernGates/ModernGates-Prefix.pch</string>
				<key>INFOPLIST_FILE</key>
				<string>ModernGates/ModernGates-Info.plist</string>
				<key>PRODUCT_NAME</key>
				<string>$(TARGET_NAME)</string>
				<key>WRAPPER_EXTENSION</key>
				<string>app</string>
			</dict>
			<key>isa</key>
			<string>XCBuildConfiguration</string>
			<key>name</key>
			<string>Release</string>
		</dict>
		<key>CA01FB7EF0A3EDAF7728CEEE</key>
		<dict>
			<key>isa</key>
			<string>PBXFileReference</string>
			<key>lastKnownFileType</key>
			<string>text.plist.info</string>
			<key>path</key>
			<string>ModernGatesTests-Info.plist</string>
			<key>sourceTree</key>
			<string>&lt;group&gt;</string>
		</dict>
		<key>CA01FB983A8F941D948EBAB5</key>
		<dict>
			<key>buildActionMask</key>
			<string>2147483647</string>
			<key>files</key>
			<array>
				<string>CA01F330BBAA286805C9F89A</string>
				<string>CA01F4AA38E07E5F1230D46C</string>
				<string>CA01FC7D873F2E5EDCC35233</string>
				<string>A0A345D4F571489A948655C0</string>
			</array>
			<key>isa</key>
			<string>PBXFrameworksBuildPhase</string>
			<key>runOnlyForDeploymentPostprocessing</key>
			<string>0</string>
		</dict>
		<key>CA01FC7D873F2E5EDCC35233</key>
		<dict>
			<key>fileRef</key>
			<string>CA01FAA9392D9D98EAE03E43</string>
			<key>isa</key>
			<string>PBXBuildFile</string>
		</dict>
		<key>CA01FC895D02BD3DAA5FF9F6</key>
		<dict>
			<key>isa</key>
			<string>PBXFileReference</string>
			<key>lastKnownFileType</key>
			<string>sourcecode.c.objc</string>
			<key>path</key>
			<string>ModernGatesTests.m</string>
			<key>sourceTree</key>
			<string>&lt;group&gt;</string>
		</dict>
		<key>CA01FD12DC6CF00D65B90411</key>
		<dict>
			<key>fileRef</key>
			<string>CA01FE0BEB2DBCE3C9821508</string>
			<key>isa</key>
			<string>PBXBuildFile</string>
		</dict>
		<key>CA01FDE8AFD8BE32B17AAD6E</key>
		<dict>
			<key>attributes</key>
			<dict>
				<key>ORGANIZATIONNAME</key>
				<string>Mail.Ru</string>
			</dict>
			<key>buildConfigurationList</key>
			<string>CA01F81DB8777BA29968E675</string>
			<key>compatibilityVersion</key>
			<string>Xcode 3.2</string>
			<key>developmentRegion</key>
			<string>English</string>
			<key>hasScannedForEncodings</key>
			<string>0</string>
			<key>isa</key>
			<string>PBXProject</string>
			<key>knownRegions</key>
			<array>
				<string>en</string>
			</array>
			<key>mainGroup</key>
			<string>CA01FEF17CFDC7D96124E6A1</string>
			<key>productRefGroup</key>
			<string>CA01F597D01B9AFA95B50C18</string>
			<key>projectDirPath</key>
			<string></string>
			<key>projectReferences</key>
			<array/>
			<key>projectRoot</key>
			<string></string>
			<key>targets</key>
			<array>
				<string>CA01FFC3968DC9D9B6505B38</string>
				<string>CA01F2621C864BB074773B40</string>
			</array>
		</dict>
		<key>CA01FDEAEFE5395F75CF8CB3</key>
		<dict>
			<key>isa</key>
			<string>PBXFileReference</string>
			<key>lastKnownFileType</key>
			<string>wrapper.framework</string>
			<key>name</key>
			<string>Foundation.framework</string>
			<key>path</key>
			<string>System/Library/Frameworks/Foundation.framework</string>
			<key>sourceTree</key>
			<string>SDKROOT</string>
		</dict>
		<key>CA01FE0BEB2DBCE3C9821508</key>
		<dict>
			<key>isa</key>
			<string>PBXFileReference</string>
			<key>lastKnownFileType</key>
			<string>sourcecode.c.objc</string>
			<key>path</key>
			<string>main.m</string>
			<key>sourceTree</key>
			<string>&lt;group&gt;</string>
		</dict>
		<key>CA01FE310F0A4A81B2235D2A</key>
		<dict>
			<key>isa</key>
			<string>PBXFileReference</string>
			<key>lastKnownFileType</key>
			<string>text.plist.info</string>
			<key>path</key>
			<string>ModernGates-Info.plist</string>
			<key>sourceTree</key>
			<string>&lt;group&gt;</string>
		</dict>
		<key>CA01FE9FA7514465D8D43C02</key>
		<dict>
			<key>isa</key>
			<string>PBXTargetDependency</string>
			<key>target</key>
			<string>CA01FFC3968DC9D9B6505B38</string>
			<key>targetProxy</key>
			<string>CA01F9FA3482B67C94DD8D01</string>
		</dict>
		<key>CA01FEF17CFDC7D96124E6A1</key>
		<dict>
			<key>children</key>
			<array>
				<string>CA01F597D01B9AFA95B50C18</string>
				<string>CA01FA96914EBEB78424E6F7</string>
				<string>CA01F491D74FB1E8602E3735</string>
				<string>CA01FA7F49238D931431ACD3</string>
				<string>0A08E4E3A7F24072B9A0970E</string>
			</array>
			<key>isa</key>
			<string>PBXGroup</string>
			<key>sourceTree</key>
			<string>&lt;group&gt;</string>
		</dict>
		<key>CA01FF396AE4FE201A8118E9</key>
		<dict>
			<key>buildActionMask</key>
			<string>2147483647</string>
			<key>files</key>
			<array>
				<string>CA01FD12DC6CF00D65B90411</string>
				<string>CA01FB187EAEF40194C4B7A4</string>
			</array>
			<key>isa</key>
			<string>PBXSourcesBuildPhase</string>
			<key>runOnlyForDeploymentPostprocessing</key>
			<string>0</string>
		</dict>
		<key>CA01FF4A03CD8227E3BA266C</key>
		<dict>
			<key>explicitFileType</key>
			<string>wrapper.application</string>
			<key>includeInIndex</key>
			<string>0</string>
			<key>isa</key>
			<string>PBXFileReference</string>
			<key>path</key>
			<string>ModernGates.app</string>
			<key>sourceTree</key>
			<string>BUILT_PRODUCTS_DIR</string>
		</dict>
		<key>CA01FF4E2C58F26B433D6EEE</key>
		<dict>
			<key>isa</key>
			<string>PBXFileReference</string>
			<key>lastKnownFileType</key>
			<string>text.plist.strings</string>
			<key>name</key>
			<string>en</string>
			<key>path</key>
			<string>en.lproj/InfoPlist.strings</string>
			<key>sourceTree</key>
			<string>&lt;group&gt;</string>
		</dict>
		<key>CA01FF6A70C120CCCFD857C0</key>
		<dict>
			<key>isa</key>
			<string>PBXFileReference</string>
			<key>lastKnownFileType</key>
			<string>sourcecode.c.objc</string>
			<key>path</key>
			<string>MRAppDelegate.m</string>
			<key>sourceTree</key>
			<string>&lt;group&gt;</string>
		</dict>
		<key>CA01FF80E1B03EA7E4F258C7</key>
		<dict>
			<key>children</key>
			<array>
				<string>CA01FE310F0A4A81B2235D2A</string>
				<string>CA01F259722B7DDAA34A9A64</string>
				<string>CA01FE0BEB2DBCE3C9821508</string>
				<string>CA01F5BC4D73D85910727574</string>
			</array>
			<key>isa</key>
			<string>PBXGroup</string>
			<key>name</key>
			<string>Supporting Files</string>
			<key>sourceTree</key>
			<string>&lt;group&gt;</string>
		</dict>
		<key>CA01FFC3968DC9D9B6505B38</key>
		<dict>
			<key>buildConfigurationList</key>
			<string>CA01F269746BDD7DAD3781A5</string>
			<key>buildPhases</key>
			<array>
				<string>D7FF1CF5A11F4F07AB53BB6C</string>
				<string>CA01FF396AE4FE201A8118E9</string>
				<string>CA01FB983A8F941D948EBAB5</string>
				<string>CA01F0D17F79C927825A2215</string>
				<string>2B2701AC82F8413087B6560F</string>
			</array>
			<key>buildRules</key>
			<array/>
			<key>dependencies</key>
			<array/>
			<key>isa</key>
			<string>PBXNativeTarget</string>
			<key>name</key>
			<string>ModernGates</string>
			<key>productName</key>
			<string>ModernGates</string>
			<key>productReference</key>
			<string>CA01FF4A03CD8227E3BA266C</string>
			<key>productType</key>
			<string>com.apple.product-type.application</string>
		</dict>
		<key>CA01FFFA2F38EAEE7AAE71BA</key>
		<dict>
			<key>buildSettings</key>
			<dict>
				<key>ALWAYS_SEARCH_USER_PATHS</key>
				<string>NO</string>
				<key>ARCHS</key>
				<string>$(ARCHS_STANDARD_INCLUDING_64_BIT)</string>
				<key>CLANG_CXX_LANGUAGE_STANDARD</key>
				<string>gnu++0x</string>
				<key>CLANG_CXX_LIBRARY</key>
				<string>libc++</string>
				<key>CLANG_ENABLE_MODULES</key>
				<string>YES</string>
				<key>CLANG_ENABLE_OBJC_ARC</key>
				<string>YES</string>
				<key>CLANG_WARN_BOOL_CONVERSION</key>
				<string>YES</string>
				<key>CLANG_WARN_CONSTANT_CONVERSION</key>
				<string>YES</string>
				<key>CLANG_WARN_DIRECT_OBJC_ISA_USAGE</key>
				<string>YES_ERROR</string>
				<key>CLANG_WARN_EMPTY_BODY</key>
				<string>YES</string>
				<key>CLANG_WARN_ENUM_CONVERSION</key>
				<string>YES</string>
				<key>CLANG_WARN_INT_CONVERSION</key>
				<string>YES</string>
				<key>CLANG_WARN_OBJC_ROOT_CLASS</key>
				<string>YES_ERROR</string>
				<key>CLANG_WARN__DUPLICATE_METHOD_MATCH</key>
				<string>YES</string>
				<key>CODE_SIGN_IDENTITY[sdk=iphoneos*]</key>
				<string>iPhone Developer</string>
				<key>COPY_PHASE_STRIP</key>
				<string>YES</string>
				<key>ENABLE_NS_ASSERTIONS</key>
				<string>NO</string>
				<key>GCC_C_LANGUAGE_STANDARD</key>
				<string>gnu99</string>
				<key>GCC_WARN_64_TO_32_BIT_CONVERSION</key>
				<string>YES</string>
				<key>GCC_WARN_ABOUT_RETURN_TYPE</key>
				<string>YES_ERROR</string>
				<key>GCC_WARN_UNDECLARED_SELECTOR</key>
				<string>YES</string>
				<key>GCC_WARN_UNINITIALIZED_AUTOS</key>
				<string>YES</string>
				<key>GCC_WARN_UNUSED_FUNCTION</key>
				<string>YES</string>
				<key>GCC_WARN_UNUSED_VARIABLE</key>
				<string>YES</string>
				<key>IPHONEOS_DEPLOYMENT_TARGET</key>
				<string>7.0</string>
				<key>SDKROOT</key>
				<string>iphoneos</string>
				<key>TARGETED_DEVICE_FAMILY</key>
				<string>2</string>
				<key>VALIDATE_PRODUCT</key>
				<string>YES</string>
			</dict>
			<key>isa</key>
			<string>XCBuildConfiguration</string>
			<key>name</key>
			<string>Release</string>
		</dict>
		<key>D7FF1CF5A11F4F07AB53BB6C</key>
		<dict>
			<key>buildActionMask</key>
			<string>2147483647</string>
			<key>files</key>
			<array/>
			<key>inputPaths</key>
			<array/>
			<key>isa</key>
			<string>PBXShellScriptBuildPhase</string>
			<key>name</key>
			<string>Check Pods Manifest.lock</string>
			<key>outputPaths</key>
			<array/>
			<key>runOnlyForDeploymentPostprocessing</key>
			<string>0</string>
			<key>shellPath</key>
			<string>/bin/sh</string>
			<key>shellScript</key>
			<string>diff "${PODS_ROOT}/../Podfile.lock" "${PODS_ROOT}/Manifest.lock" &gt; /dev/null
if [[ $? != 0 ]] ; then
    cat &lt;&lt; EOM
error: The sandbox is not in sync with the Podfile.lock. Run 'pod install' or update your CocoaPods installation.
EOM
    exit 1
fi
</string>
			<key>showEnvVarsInLog</key>
			<string>0</string>
		</dict>
	</dict>
	<key>rootObject</key>
	<string>CA01FDE8AFD8BE32B17AAD6E</string>
</dict>
</plist>
